// !$*UTF8*$!
{
	archiveVersion = 1;
	classes = {
	};
	objectVersion = 56;
	objects = {

/* Begin PBXBuildFile section */
		115106272C5532B300D91D04 /* SMSPlayerApp.swift in Sources */ = {isa = PBXBuildFile; fileRef = 115106262C5532B300D91D04 /* SMSPlayerApp.swift */; };
		115106292C5532B300D91D04 /* ContentView.swift in Sources */ = {isa = PBXBuildFile; fileRef = 115106282C5532B300D91D04 /* ContentView.swift */; };
		1151062B2C5532B400D91D04 /* Assets.xcassets in Resources */ = {isa = PBXBuildFile; fileRef = 1151062A2C5532B400D91D04 /* Assets.xcassets */; };
		1151062F2C5532B400D91D04 /* Preview Assets.xcassets in Resources */ = {isa = PBXBuildFile; fileRef = 1151062E2C5532B400D91D04 /* Preview Assets.xcassets */; };
		115106392C5532B400D91D04 /* SMSPlayerTests.swift in Sources */ = {isa = PBXBuildFile; fileRef = 115106382C5532B400D91D04 /* SMSPlayerTests.swift */; };
		115106432C5532B400D91D04 /* SMSPlayerUITests.swift in Sources */ = {isa = PBXBuildFile; fileRef = 115106422C5532B400D91D04 /* SMSPlayerUITests.swift */; };
		115106452C5532B400D91D04 /* SMSPlayerUITestsLaunchTests.swift in Sources */ = {isa = PBXBuildFile; fileRef = 115106442C5532B400D91D04 /* SMSPlayerUITestsLaunchTests.swift */; };
		115106522C5532E800D91D04 /* VideoPlayerView.swift in Sources */ = {isa = PBXBuildFile; fileRef = 115106512C5532E800D91D04 /* VideoPlayerView.swift */; };
		115106542C55339400D91D04 /* HomeView.swift in Sources */ = {isa = PBXBuildFile; fileRef = 115106532C55339400D91D04 /* HomeView.swift */; };
		115106572C55352D00D91D04 /* video.mov in Resources */ = {isa = PBXBuildFile; fileRef = 115106562C55352D00D91D04 /* video.mov */; };
		115106592C55383700D91D04 /* VideoPlayer.swift in Sources */ = {isa = PBXBuildFile; fileRef = 115106582C55383700D91D04 /* VideoPlayer.swift */; };
/* End PBXBuildFile section */

/* Begin PBXContainerItemProxy section */
		115106352C5532B400D91D04 /* PBXContainerItemProxy */ = {
			isa = PBXContainerItemProxy;
			containerPortal = 1151061B2C5532B300D91D04 /* Project object */;
			proxyType = 1;
			remoteGlobalIDString = 115106222C5532B300D91D04;
			remoteInfo = SMSPlayer;
		};
		1151063F2C5532B400D91D04 /* PBXContainerItemProxy */ = {
			isa = PBXContainerItemProxy;
			containerPortal = 1151061B2C5532B300D91D04 /* Project object */;
			proxyType = 1;
			remoteGlobalIDString = 115106222C5532B300D91D04;
			remoteInfo = SMSPlayer;
		};
/* End PBXContainerItemProxy section */

/* Begin PBXFileReference section */
		115106232C5532B300D91D04 /* SMSPlayer.app */ = {isa = PBXFileReference; explicitFileType = wrapper.application; includeInIndex = 0; path = SMSPlayer.app; sourceTree = BUILT_PRODUCTS_DIR; };
		115106262C5532B300D91D04 /* SMSPlayerApp.swift */ = {isa = PBXFileReference; lastKnownFileType = sourcecode.swift; path = SMSPlayerApp.swift; sourceTree = "<group>"; };
		115106282C5532B300D91D04 /* ContentView.swift */ = {isa = PBXFileReference; lastKnownFileType = sourcecode.swift; path = ContentView.swift; sourceTree = "<group>"; };
		1151062A2C5532B400D91D04 /* Assets.xcassets */ = {isa = PBXFileReference; lastKnownFileType = folder.assetcatalog; path = Assets.xcassets; sourceTree = "<group>"; };
		1151062C2C5532B400D91D04 /* SMSPlayer.entitlements */ = {isa = PBXFileReference; lastKnownFileType = text.plist.entitlements; path = SMSPlayer.entitlements; sourceTree = "<group>"; };
		1151062E2C5532B400D91D04 /* Preview Assets.xcassets */ = {isa = PBXFileReference; lastKnownFileType = folder.assetcatalog; path = "Preview Assets.xcassets"; sourceTree = "<group>"; };
		115106342C5532B400D91D04 /* SMSPlayerTests.xctest */ = {isa = PBXFileReference; explicitFileType = wrapper.cfbundle; includeInIndex = 0; path = SMSPlayerTests.xctest; sourceTree = BUILT_PRODUCTS_DIR; };
		115106382C5532B400D91D04 /* SMSPlayerTests.swift */ = {isa = PBXFileReference; lastKnownFileType = sourcecode.swift; path = SMSPlayerTests.swift; sourceTree = "<group>"; };
		1151063E2C5532B400D91D04 /* SMSPlayerUITests.xctest */ = {isa = PBXFileReference; explicitFileType = wrapper.cfbundle; includeInIndex = 0; path = SMSPlayerUITests.xctest; sourceTree = BUILT_PRODUCTS_DIR; };
		115106422C5532B400D91D04 /* SMSPlayerUITests.swift */ = {isa = PBXFileReference; lastKnownFileType = sourcecode.swift; path = SMSPlayerUITests.swift; sourceTree = "<group>"; };
		115106442C5532B400D91D04 /* SMSPlayerUITestsLaunchTests.swift */ = {isa = PBXFileReference; lastKnownFileType = sourcecode.swift; path = SMSPlayerUITestsLaunchTests.swift; sourceTree = "<group>"; };
		115106512C5532E800D91D04 /* VideoPlayerView.swift */ = {isa = PBXFileReference; lastKnownFileType = sourcecode.swift; path = VideoPlayerView.swift; sourceTree = "<group>"; };
		115106532C55339400D91D04 /* HomeView.swift */ = {isa = PBXFileReference; lastKnownFileType = sourcecode.swift; path = HomeView.swift; sourceTree = "<group>"; };
		115106562C55352D00D91D04 /* video.mov */ = {isa = PBXFileReference; lastKnownFileType = video.quicktime; path = video.mov; sourceTree = "<group>"; };
		115106582C55383700D91D04 /* VideoPlayer.swift */ = {isa = PBXFileReference; lastKnownFileType = sourcecode.swift; path = VideoPlayer.swift; sourceTree = "<group>"; };
/* End PBXFileReference section */

/* Begin PBXFrameworksBuildPhase section */
		115106202C5532B300D91D04 /* Frameworks */ = {
			isa = PBXFrameworksBuildPhase;
			buildActionMask = 2147483647;
			files = (
			);
			runOnlyForDeploymentPostprocessing = 0;
		};
		115106312C5532B400D91D04 /* Frameworks */ = {
			isa = PBXFrameworksBuildPhase;
			buildActionMask = 2147483647;
			files = (
			);
			runOnlyForDeploymentPostprocessing = 0;
		};
		1151063B2C5532B400D91D04 /* Frameworks */ = {
			isa = PBXFrameworksBuildPhase;
			buildActionMask = 2147483647;
			files = (
			);
			runOnlyForDeploymentPostprocessing = 0;
		};
/* End PBXFrameworksBuildPhase section */

/* Begin PBXGroup section */
		1151061A2C5532B300D91D04 = {
			isa = PBXGroup;
			children = (
				115106252C5532B300D91D04 /* SMSPlayer */,
				115106372C5532B400D91D04 /* SMSPlayerTests */,
				115106412C5532B400D91D04 /* SMSPlayerUITests */,
				115106242C5532B300D91D04 /* Products */,
			);
			sourceTree = "<group>";
		};
		115106242C5532B300D91D04 /* Products */ = {
			isa = PBXGroup;
			children = (
				115106232C5532B300D91D04 /* SMSPlayer.app */,
				115106342C5532B400D91D04 /* SMSPlayerTests.xctest */,
				1151063E2C5532B400D91D04 /* SMSPlayerUITests.xctest */,
			);
			name = Products;
			sourceTree = "<group>";
		};
		115106252C5532B300D91D04 /* SMSPlayer */ = {
			isa = PBXGroup;
			children = (
				115106552C55351700D91D04 /* Video */,
				115106262C5532B300D91D04 /* SMSPlayerApp.swift */,
				115106282C5532B300D91D04 /* ContentView.swift */,
				115106532C55339400D91D04 /* HomeView.swift */,
				115106512C5532E800D91D04 /* VideoPlayerView.swift */,
				115106582C55383700D91D04 /* VideoPlayer.swift */,
				1151062A2C5532B400D91D04 /* Assets.xcassets */,
				1151062C2C5532B400D91D04 /* SMSPlayer.entitlements */,
				1151062D2C5532B400D91D04 /* Preview Content */,
			);
			path = SMSPlayer;
			sourceTree = "<group>";
		};
		1151062D2C5532B400D91D04 /* Preview Content */ = {
			isa = PBXGroup;
			children = (
				1151062E2C5532B400D91D04 /* Preview Assets.xcassets */,
			);
			path = "Preview Content";
			sourceTree = "<group>";
		};
		115106372C5532B400D91D04 /* SMSPlayerTests */ = {
			isa = PBXGroup;
			children = (
				115106382C5532B400D91D04 /* SMSPlayerTests.swift */,
			);
			path = SMSPlayerTests;
			sourceTree = "<group>";
		};
		115106412C5532B400D91D04 /* SMSPlayerUITests */ = {
			isa = PBXGroup;
			children = (
				115106422C5532B400D91D04 /* SMSPlayerUITests.swift */,
				115106442C5532B400D91D04 /* SMSPlayerUITestsLaunchTests.swift */,
			);
			path = SMSPlayerUITests;
			sourceTree = "<group>";
		};
		115106552C55351700D91D04 /* Video */ = {
			isa = PBXGroup;
			children = (
				115106562C55352D00D91D04 /* video.mov */,
			);
			path = Video;
			sourceTree = "<group>";
		};
/* End PBXGroup section */

/* Begin PBXNativeTarget section */
		115106222C5532B300D91D04 /* SMSPlayer */ = {
			isa = PBXNativeTarget;
			buildConfigurationList = 115106482C5532B400D91D04 /* Build configuration list for PBXNativeTarget "SMSPlayer" */;
			buildPhases = (
				1151061F2C5532B300D91D04 /* Sources */,
				115106202C5532B300D91D04 /* Frameworks */,
				115106212C5532B300D91D04 /* Resources */,
			);
			buildRules = (
			);
			dependencies = (
			);
			name = SMSPlayer;
			productName = SMSPlayer;
			productReference = 115106232C5532B300D91D04 /* SMSPlayer.app */;
			productType = "com.apple.product-type.application";
		};
		115106332C5532B400D91D04 /* SMSPlayerTests */ = {
			isa = PBXNativeTarget;
			buildConfigurationList = 1151064B2C5532B400D91D04 /* Build configuration list for PBXNativeTarget "SMSPlayerTests" */;
			buildPhases = (
				115106302C5532B400D91D04 /* Sources */,
				115106312C5532B400D91D04 /* Frameworks */,
				115106322C5532B400D91D04 /* Resources */,
			);
			buildRules = (
			);
			dependencies = (
				115106362C5532B400D91D04 /* PBXTargetDependency */,
			);
			name = SMSPlayerTests;
			productName = SMSPlayerTests;
			productReference = 115106342C5532B400D91D04 /* SMSPlayerTests.xctest */;
			productType = "com.apple.product-type.bundle.unit-test";
		};
		1151063D2C5532B400D91D04 /* SMSPlayerUITests */ = {
			isa = PBXNativeTarget;
			buildConfigurationList = 1151064E2C5532B400D91D04 /* Build configuration list for PBXNativeTarget "SMSPlayerUITests" */;
			buildPhases = (
				1151063A2C5532B400D91D04 /* Sources */,
				1151063B2C5532B400D91D04 /* Frameworks */,
				1151063C2C5532B400D91D04 /* Resources */,
			);
			buildRules = (
			);
			dependencies = (
				115106402C5532B400D91D04 /* PBXTargetDependency */,
			);
			name = SMSPlayerUITests;
			productName = SMSPlayerUITests;
			productReference = 1151063E2C5532B400D91D04 /* SMSPlayerUITests.xctest */;
			productType = "com.apple.product-type.bundle.ui-testing";
		};
/* End PBXNativeTarget section */

/* Begin PBXProject section */
		1151061B2C5532B300D91D04 /* Project object */ = {
			isa = PBXProject;
			attributes = {
				BuildIndependentTargetsInParallel = 1;
				LastSwiftUpdateCheck = 1420;
				LastUpgradeCheck = 1420;
				TargetAttributes = {
					115106222C5532B300D91D04 = {
						CreatedOnToolsVersion = 14.2;
					};
					115106332C5532B400D91D04 = {
						CreatedOnToolsVersion = 14.2;
						TestTargetID = 115106222C5532B300D91D04;
					};
					1151063D2C5532B400D91D04 = {
						CreatedOnToolsVersion = 14.2;
						TestTargetID = 115106222C5532B300D91D04;
					};
				};
			};
			buildConfigurationList = 1151061E2C5532B300D91D04 /* Build configuration list for PBXProject "SMSPlayer" */;
			compatibilityVersion = "Xcode 14.0";
			developmentRegion = en;
			hasScannedForEncodings = 0;
			knownRegions = (
				en,
				Base,
			);
			mainGroup = 1151061A2C5532B300D91D04;
			productRefGroup = 115106242C5532B300D91D04 /* Products */;
			projectDirPath = "";
			projectRoot = "";
			targets = (
				115106222C5532B300D91D04 /* SMSPlayer */,
				115106332C5532B400D91D04 /* SMSPlayerTests */,
				1151063D2C5532B400D91D04 /* SMSPlayerUITests */,
			);
		};
/* End PBXProject section */

/* Begin PBXResourcesBuildPhase section */
		115106212C5532B300D91D04 /* Resources */ = {
			isa = PBXResourcesBuildPhase;
			buildActionMask = 2147483647;
			files = (
				115106572C55352D00D91D04 /* video.mov in Resources */,
				1151062F2C5532B400D91D04 /* Preview Assets.xcassets in Resources */,
				1151062B2C5532B400D91D04 /* Assets.xcassets in Resources */,
			);
			runOnlyForDeploymentPostprocessing = 0;
		};
		115106322C5532B400D91D04 /* Resources */ = {
			isa = PBXResourcesBuildPhase;
			buildActionMask = 2147483647;
			files = (
			);
			runOnlyForDeploymentPostprocessing = 0;
		};
		1151063C2C5532B400D91D04 /* Resources */ = {
			isa = PBXResourcesBuildPhase;
			buildActionMask = 2147483647;
			files = (
			);
			runOnlyForDeploymentPostprocessing = 0;
		};
/* End PBXResourcesBuildPhase section */

/* Begin PBXSourcesBuildPhase section */
		1151061F2C5532B300D91D04 /* Sources */ = {
			isa = PBXSourcesBuildPhase;
			buildActionMask = 2147483647;
			files = (
				115106292C5532B300D91D04 /* ContentView.swift in Sources */,
				115106592C55383700D91D04 /* VideoPlayer.swift in Sources */,
				115106542C55339400D91D04 /* HomeView.swift in Sources */,
				115106272C5532B300D91D04 /* SMSPlayerApp.swift in Sources */,
				115106522C5532E800D91D04 /* VideoPlayerView.swift in Sources */,
			);
			runOnlyForDeploymentPostprocessing = 0;
		};
		115106302C5532B400D91D04 /* Sources */ = {
			isa = PBXSourcesBuildPhase;
			buildActionMask = 2147483647;
			files = (
				115106392C5532B400D91D04 /* SMSPlayerTests.swift in Sources */,
			);
			runOnlyForDeploymentPostprocessing = 0;
		};
		1151063A2C5532B400D91D04 /* Sources */ = {
			isa = PBXSourcesBuildPhase;
			buildActionMask = 2147483647;
			files = (
				115106432C5532B400D91D04 /* SMSPlayerUITests.swift in Sources */,
				115106452C5532B400D91D04 /* SMSPlayerUITestsLaunchTests.swift in Sources */,
			);
			runOnlyForDeploymentPostprocessing = 0;
		};
/* End PBXSourcesBuildPhase section */

/* Begin PBXTargetDependency section */
		115106362C5532B400D91D04 /* PBXTargetDependency */ = {
			isa = PBXTargetDependency;
			target = 115106222C5532B300D91D04 /* SMSPlayer */;
			targetProxy = 115106352C5532B400D91D04 /* PBXContainerItemProxy */;
		};
		115106402C5532B400D91D04 /* PBXTargetDependency */ = {
			isa = PBXTargetDependency;
			target = 115106222C5532B300D91D04 /* SMSPlayer */;
			targetProxy = 1151063F2C5532B400D91D04 /* PBXContainerItemProxy */;
		};
/* End PBXTargetDependency section */

/* Begin XCBuildConfiguration section */
		115106462C5532B400D91D04 /* Debug */ = {
			isa = XCBuildConfiguration;
			buildSettings = {
				ALWAYS_SEARCH_USER_PATHS = NO;
				CLANG_ANALYZER_NONNULL = YES;
				CLANG_ANALYZER_NUMBER_OBJECT_CONVERSION = YES_AGGRESSIVE;
				CLANG_CXX_LANGUAGE_STANDARD = "gnu++20";
				CLANG_ENABLE_MODULES = YES;
				CLANG_ENABLE_OBJC_ARC = YES;
				CLANG_ENABLE_OBJC_WEAK = YES;
				CLANG_WARN_BLOCK_CAPTURE_AUTORELEASING = YES;
				CLANG_WARN_BOOL_CONVERSION = YES;
				CLANG_WARN_COMMA = YES;
				CLANG_WARN_CONSTANT_CONVERSION = YES;
				CLANG_WARN_DEPRECATED_OBJC_IMPLEMENTATIONS = YES;
				CLANG_WARN_DIRECT_OBJC_ISA_USAGE = YES_ERROR;
				CLANG_WARN_DOCUMENTATION_COMMENTS = YES;
				CLANG_WARN_EMPTY_BODY = YES;
				CLANG_WARN_ENUM_CONVERSION = YES;
				CLANG_WARN_INFINITE_RECURSION = YES;
				CLANG_WARN_INT_CONVERSION = YES;
				CLANG_WARN_NON_LITERAL_NULL_CONVERSION = YES;
				CLANG_WARN_OBJC_IMPLICIT_RETAIN_SELF = YES;
				CLANG_WARN_OBJC_LITERAL_CONVERSION = YES;
				CLANG_WARN_OBJC_ROOT_CLASS = YES_ERROR;
				CLANG_WARN_QUOTED_INCLUDE_IN_FRAMEWORK_HEADER = YES;
				CLANG_WARN_RANGE_LOOP_ANALYSIS = YES;
				CLANG_WARN_STRICT_PROTOTYPES = YES;
				CLANG_WARN_SUSPICIOUS_MOVE = YES;
				CLANG_WARN_UNGUARDED_AVAILABILITY = YES_AGGRESSIVE;
				CLANG_WARN_UNREACHABLE_CODE = YES;
				CLANG_WARN__DUPLICATE_METHOD_MATCH = YES;
				COPY_PHASE_STRIP = NO;
				DEBUG_INFORMATION_FORMAT = dwarf;
				ENABLE_STRICT_OBJC_MSGSEND = YES;
				ENABLE_TESTABILITY = YES;
				GCC_C_LANGUAGE_STANDARD = gnu11;
				GCC_DYNAMIC_NO_PIC = NO;
				GCC_NO_COMMON_BLOCKS = YES;
				GCC_OPTIMIZATION_LEVEL = 0;
				GCC_PREPROCESSOR_DEFINITIONS = (
					"DEBUG=1",
					"$(inherited)",
				);
				GCC_WARN_64_TO_32_BIT_CONVERSION = YES;
				GCC_WARN_ABOUT_RETURN_TYPE = YES_ERROR;
				GCC_WARN_UNDECLARED_SELECTOR = YES;
				GCC_WARN_UNINITIALIZED_AUTOS = YES_AGGRESSIVE;
				GCC_WARN_UNUSED_FUNCTION = YES;
				GCC_WARN_UNUSED_VARIABLE = YES;
				MTL_ENABLE_DEBUG_INFO = INCLUDE_SOURCE;
				MTL_FAST_MATH = YES;
				ONLY_ACTIVE_ARCH = YES;
				SWIFT_ACTIVE_COMPILATION_CONDITIONS = DEBUG;
				SWIFT_OPTIMIZATION_LEVEL = "-Onone";
			};
			name = Debug;
		};
		115106472C5532B400D91D04 /* Release */ = {
			isa = XCBuildConfiguration;
			buildSettings = {
				ALWAYS_SEARCH_USER_PATHS = NO;
				CLANG_ANALYZER_NONNULL = YES;
				CLANG_ANALYZER_NUMBER_OBJECT_CONVERSION = YES_AGGRESSIVE;
				CLANG_CXX_LANGUAGE_STANDARD = "gnu++20";
				CLANG_ENABLE_MODULES = YES;
				CLANG_ENABLE_OBJC_ARC = YES;
				CLANG_ENABLE_OBJC_WEAK = YES;
				CLANG_WARN_BLOCK_CAPTURE_AUTORELEASING = YES;
				CLANG_WARN_BOOL_CONVERSION = YES;
				CLANG_WARN_COMMA = YES;
				CLANG_WARN_CONSTANT_CONVERSION = YES;
				CLANG_WARN_DEPRECATED_OBJC_IMPLEMENTATIONS = YES;
				CLANG_WARN_DIRECT_OBJC_ISA_USAGE = YES_ERROR;
				CLANG_WARN_DOCUMENTATION_COMMENTS = YES;
				CLANG_WARN_EMPTY_BODY = YES;
				CLANG_WARN_ENUM_CONVERSION = YES;
				CLANG_WARN_INFINITE_RECURSION = YES;
				CLANG_WARN_INT_CONVERSION = YES;
				CLANG_WARN_NON_LITERAL_NULL_CONVERSION = YES;
				CLANG_WARN_OBJC_IMPLICIT_RETAIN_SELF = YES;
				CLANG_WARN_OBJC_LITERAL_CONVERSION = YES;
				CLANG_WARN_OBJC_ROOT_CLASS = YES_ERROR;
				CLANG_WARN_QUOTED_INCLUDE_IN_FRAMEWORK_HEADER = YES;
				CLANG_WARN_RANGE_LOOP_ANALYSIS = YES;
				CLANG_WARN_STRICT_PROTOTYPES = YES;
				CLANG_WARN_SUSPICIOUS_MOVE = YES;
				CLANG_WARN_UNGUARDED_AVAILABILITY = YES_AGGRESSIVE;
				CLANG_WARN_UNREACHABLE_CODE = YES;
				CLANG_WARN__DUPLICATE_METHOD_MATCH = YES;
				COPY_PHASE_STRIP = NO;
				DEBUG_INFORMATION_FORMAT = "dwarf-with-dsym";
				ENABLE_NS_ASSERTIONS = NO;
				ENABLE_STRICT_OBJC_MSGSEND = YES;
				GCC_C_LANGUAGE_STANDARD = gnu11;
				GCC_NO_COMMON_BLOCKS = YES;
				GCC_WARN_64_TO_32_BIT_CONVERSION = YES;
				GCC_WARN_ABOUT_RETURN_TYPE = YES_ERROR;
				GCC_WARN_UNDECLARED_SELECTOR = YES;
				GCC_WARN_UNINITIALIZED_AUTOS = YES_AGGRESSIVE;
				GCC_WARN_UNUSED_FUNCTION = YES;
				GCC_WARN_UNUSED_VARIABLE = YES;
				MTL_ENABLE_DEBUG_INFO = NO;
				MTL_FAST_MATH = YES;
				SWIFT_COMPILATION_MODE = wholemodule;
				SWIFT_OPTIMIZATION_LEVEL = "-O";
			};
			name = Release;
		};
		115106492C5532B400D91D04 /* Debug */ = {
			isa = XCBuildConfiguration;
			buildSettings = {
				ASSETCATALOG_COMPILER_APPICON_NAME = AppIcon;
				ASSETCATALOG_COMPILER_GLOBAL_ACCENT_COLOR_NAME = AccentColor;
				CODE_SIGN_ENTITLEMENTS = SMSPlayer/SMSPlayer.entitlements;
				CODE_SIGN_STYLE = Automatic;
				CURRENT_PROJECT_VERSION = 1;
				DEVELOPMENT_ASSET_PATHS = "\"SMSPlayer/Preview Content\"";
				DEVELOPMENT_TEAM = 33Z26KH6FC;
				ENABLE_HARDENED_RUNTIME = YES;
				ENABLE_PREVIEWS = YES;
				GENERATE_INFOPLIST_FILE = YES;
				"INFOPLIST_KEY_UIApplicationSceneManifest_Generation[sdk=iphoneos*]" = YES;
				"INFOPLIST_KEY_UIApplicationSceneManifest_Generation[sdk=iphonesimulator*]" = YES;
				"INFOPLIST_KEY_UIApplicationSupportsIndirectInputEvents[sdk=iphoneos*]" = YES;
				"INFOPLIST_KEY_UIApplicationSupportsIndirectInputEvents[sdk=iphonesimulator*]" = YES;
				"INFOPLIST_KEY_UILaunchScreen_Generation[sdk=iphoneos*]" = YES;
				"INFOPLIST_KEY_UILaunchScreen_Generation[sdk=iphonesimulator*]" = YES;
				"INFOPLIST_KEY_UIStatusBarStyle[sdk=iphoneos*]" = UIStatusBarStyleDefault;
				"INFOPLIST_KEY_UIStatusBarStyle[sdk=iphonesimulator*]" = UIStatusBarStyleDefault;
				INFOPLIST_KEY_UISupportedInterfaceOrientations_iPad = "UIInterfaceOrientationPortrait UIInterfaceOrientationPortraitUpsideDown UIInterfaceOrientationLandscapeLeft UIInterfaceOrientationLandscapeRight";
				INFOPLIST_KEY_UISupportedInterfaceOrientations_iPhone = "UIInterfaceOrientationPortrait UIInterfaceOrientationLandscapeLeft UIInterfaceOrientationLandscapeRight";
				IPHONEOS_DEPLOYMENT_TARGET = 16.2;
				LD_RUNPATH_SEARCH_PATHS = "@executable_path/Frameworks";
				"LD_RUNPATH_SEARCH_PATHS[sdk=macosx*]" = "@executable_path/../Frameworks";
				MACOSX_DEPLOYMENT_TARGET = 12.7;
				MARKETING_VERSION = 1.0;
				PRODUCT_BUNDLE_IDENTIFIER = com.shakhawat.SMSPlayer;
				PRODUCT_NAME = "$(TARGET_NAME)";
				SDKROOT = auto;
				SUPPORTED_PLATFORMS = "iphoneos iphonesimulator";
				SUPPORTS_MACCATALYST = NO;
				SUPPORTS_MAC_DESIGNED_FOR_IPHONE_IPAD = NO;
				SWIFT_EMIT_LOC_STRINGS = YES;
				SWIFT_VERSION = 5.0;
				TARGETED_DEVICE_FAMILY = "1,2";
			};
			name = Debug;
		};
		1151064A2C5532B400D91D04 /* Release */ = {
			isa = XCBuildConfiguration;
			buildSettings = {
				ASSETCATALOG_COMPILER_APPICON_NAME = AppIcon;
				ASSETCATALOG_COMPILER_GLOBAL_ACCENT_COLOR_NAME = AccentColor;
				CODE_SIGN_ENTITLEMENTS = SMSPlayer/SMSPlayer.entitlements;
				CODE_SIGN_STYLE = Automatic;
				CURRENT_PROJECT_VERSION = 1;
				DEVELOPMENT_ASSET_PATHS = "\"SMSPlayer/Preview Content\"";
				DEVELOPMENT_TEAM = 33Z26KH6FC;
				ENABLE_HARDENED_RUNTIME = YES;
				ENABLE_PREVIEWS = YES;
				GENERATE_INFOPLIST_FILE = YES;
				"INFOPLIST_KEY_UIApplicationSceneManifest_Generation[sdk=iphoneos*]" = YES;
				"INFOPLIST_KEY_UIApplicationSceneManifest_Generation[sdk=iphonesimulator*]" = YES;
				"INFOPLIST_KEY_UIApplicationSupportsIndirectInputEvents[sdk=iphoneos*]" = YES;
				"INFOPLIST_KEY_UIApplicationSupportsIndirectInputEvents[sdk=iphonesimulator*]" = YES;
				"INFOPLIST_KEY_UILaunchScreen_Generation[sdk=iphoneos*]" = YES;
				"INFOPLIST_KEY_UILaunchScreen_Generation[sdk=iphonesimulator*]" = YES;
				"INFOPLIST_KEY_UIStatusBarStyle[sdk=iphoneos*]" = UIStatusBarStyleDefault;
				"INFOPLIST_KEY_UIStatusBarStyle[sdk=iphonesimulator*]" = UIStatusBarStyleDefault;
				INFOPLIST_KEY_UISupportedInterfaceOrientations_iPad = "UIInterfaceOrientationPortrait UIInterfaceOrientationPortraitUpsideDown UIInterfaceOrientationLandscapeLeft UIInterfaceOrientationLandscapeRight";
				INFOPLIST_KEY_UISupportedInterfaceOrientations_iPhone = "UIInterfaceOrientationPortrait UIInterfaceOrientationLandscapeLeft UIInterfaceOrientationLandscapeRight";
				IPHONEOS_DEPLOYMENT_TARGET = 16.2;
				LD_RUNPATH_SEARCH_PATHS = "@executable_path/Frameworks";
				"LD_RUNPATH_SEARCH_PATHS[sdk=macosx*]" = "@executable_path/../Frameworks";
				MACOSX_DEPLOYMENT_TARGET = 12.7;
				MARKETING_VERSION = 1.0;
				PRODUCT_BUNDLE_IDENTIFIER = com.shakhawat.SMSPlayer;
				PRODUCT_NAME = "$(TARGET_NAME)";
				SDKROOT = auto;
				SUPPORTED_PLATFORMS = "iphoneos iphonesimulator";
				SUPPORTS_MACCATALYST = NO;
				SUPPORTS_MAC_DESIGNED_FOR_IPHONE_IPAD = NO;
				SWIFT_EMIT_LOC_STRINGS = YES;
				SWIFT_VERSION = 5.0;
				TARGETED_DEVICE_FAMILY = "1,2";
			};
			name = Release;
		};
		1151064C2C5532B400D91D04 /* Debug */ = {
			isa = XCBuildConfiguration;
			buildSettings = {
				ALWAYS_EMBED_SWIFT_STANDARD_LIBRARIES = YES;
				BUNDLE_LOADER = "$(TEST_HOST)";
				CODE_SIGN_STYLE = Automatic;
				CURRENT_PROJECT_VERSION = 1;
				DEVELOPMENT_TEAM = 33Z26KH6FC;
				GENERATE_INFOPLIST_FILE = YES;
				IPHONEOS_DEPLOYMENT_TARGET = 16.2;
				MACOSX_DEPLOYMENT_TARGET = 12.7;
				MARKETING_VERSION = 1.0;
				PRODUCT_BUNDLE_IDENTIFIER = com.shakhawat.SMSPlayerTests;
				PRODUCT_NAME = "$(TARGET_NAME)";
				SDKROOT = auto;
				SUPPORTED_PLATFORMS = "iphoneos iphonesimulator macosx";
				SWIFT_EMIT_LOC_STRINGS = NO;
				SWIFT_VERSION = 5.0;
				TARGETED_DEVICE_FAMILY = "1,2";
				TEST_HOST = "$(BUILT_PRODUCTS_DIR)/SMSPlayer.app/$(BUNDLE_EXECUTABLE_FOLDER_PATH)/SMSPlayer";
			};
			name = Debug;
		};
		1151064D2C5532B400D91D04 /* Release */ = {
			isa = XCBuildConfiguration;
			buildSettings = {
				ALWAYS_EMBED_SWIFT_STANDARD_LIBRARIES = YES;
				BUNDLE_LOADER = "$(TEST_HOST)";
				CODE_SIGN_STYLE = Automatic;
				CURRENT_PROJECT_VERSION = 1;
				DEVELOPMENT_TEAM = 33Z26KH6FC;
				GENERATE_INFOPLIST_FILE = YES;
				IPHONEOS_DEPLOYMENT_TARGET = 16.2;
				MACOSX_DEPLOYMENT_TARGET = 12.7;
				MARKETING_VERSION = 1.0;
				PRODUCT_BUNDLE_IDENTIFIER = com.shakhawat.SMSPlayerTests;
				PRODUCT_NAME = "$(TARGET_NAME)";
				SDKROOT = auto;
				SUPPORTED_PLATFORMS = "iphoneos iphonesimulator macosx";
				SWIFT_EMIT_LOC_STRINGS = NO;
				SWIFT_VERSION = 5.0;
				TARGETED_DEVICE_FAMILY = "1,2";
				TEST_HOST = "$(BUILT_PRODUCTS_DIR)/SMSPlayer.app/$(BUNDLE_EXECUTABLE_FOLDER_PATH)/SMSPlayer";
			};
			name = Release;
		};
		1151064F2C5532B400D91D04 /* Debug */ = {
			isa = XCBuildConfiguration;
			buildSettings = {
				ALWAYS_EMBED_SWIFT_STANDARD_LIBRARIES = YES;
				CODE_SIGN_STYLE = Automatic;
				CURRENT_PROJECT_VERSION = 1;
				DEVELOPMENT_TEAM = 33Z26KH6FC;
				GENERATE_INFOPLIST_FILE = YES;
				IPHONEOS_DEPLOYMENT_TARGET = 16.2;
				MACOSX_DEPLOYMENT_TARGET = 12.7;
				MARKETING_VERSION = 1.0;
				PRODUCT_BUNDLE_IDENTIFIER = com.shakhawat.SMSPlayerUITests;
				PRODUCT_NAME = "$(TARGET_NAME)";
				SDKROOT = auto;
				SUPPORTED_PLATFORMS = "iphoneos iphonesimulator macosx";
				SWIFT_EMIT_LOC_STRINGS = NO;
				SWIFT_VERSION = 5.0;
				TARGETED_DEVICE_FAMILY = "1,2";
				TEST_TARGET_NAME = SMSPlayer;
			};
			name = Debug;
		};
		115106502C5532B400D91D04 /* Release */ = {
			isa = XCBuildConfiguration;
			buildSettings = {
				ALWAYS_EMBED_SWIFT_STANDARD_LIBRARIES = YES;
				CODE_SIGN_STYLE = Automatic;
				CURRENT_PROJECT_VERSION = 1;
				DEVELOPMENT_TEAM = 33Z26KH6FC;
				GENERATE_INFOPLIST_FILE = YES;
				IPHONEOS_DEPLOYMENT_TARGET = 16.2;
				MACOSX_DEPLOYMENT_TARGET = 12.7;
				MARKETING_VERSION = 1.0;
				PRODUCT_BUNDLE_IDENTIFIER = com.shakhawat.SMSPlayerUITests;
				PRODUCT_NAME = "$(TARGET_NAME)";
				SDKROOT = auto;
				SUPPORTED_PLATFORMS = "iphoneos iphonesimulator macosx";
				SWIFT_EMIT_LOC_STRINGS = NO;
				SWIFT_VERSION = 5.0;
				TARGETED_DEVICE_FAMILY = "1,2";
				TEST_TARGET_NAME = SMSPlayer;
			};
			name = Release;
		};
/* End XCBuildConfiguration section */

/* Begin XCConfigurationList section */
		1151061E2C5532B300D91D04 /* Build configuration list for PBXProject "SMSPlayer" */ = {
			isa = XCConfigurationList;
			buildConfigurations = (
				115106462C5532B400D91D04 /* Debug */,
				115106472C5532B400D91D04 /* Release */,
			);
			defaultConfigurationIsVisible = 0;
			defaultConfigurationName = Release;
		};
		115106482C5532B400D91D04 /* Build configuration list for PBXNativeTarget "SMSPlayer" */ = {
			isa = XCConfigurationList;
			buildConfigurations = (
				115106492C5532B400D91D04 /* Debug */,
				1151064A2C5532B400D91D04 /* Release */,
			);
			defaultConfigurationIsVisible = 0;
			defaultConfigurationName = Release;
		};
		1151064B2C5532B400D91D04 /* Build configuration list for PBXNativeTarget "SMSPlayerTests" */ = {
			isa = XCConfigurationList;
			buildConfigurations = (
				1151064C2C5532B400D91D04 /* Debug */,
				1151064D2C5532B400D91D04 /* Release */,
			);
			defaultConfigurationIsVisible = 0;
			defaultConfigurationName = Release;
		};
		1151064E2C5532B400D91D04 /* Build configuration list for PBXNativeTarget "SMSPlayerUITests" */ = {
			isa = XCConfigurationList;
			buildConfigurations = (
				1151064F2C5532B400D91D04 /* Debug */,
				115106502C5532B400D91D04 /* Release */,
			);
			defaultConfigurationIsVisible = 0;
			defaultConfigurationName = Release;
		};
/* End XCConfigurationList section */
	};
	rootObject = 1151061B2C5532B300D91D04 /* Project object */;
}
